
Microsoft Visual Studio Solution File, Format Version 12.00
# Visual Studio 15
VisualStudioVersion = 15.0.27703.2035
MinimumVisualStudioVersion = 10.0.40219.1
Project("{9A19103F-16F7-4668-BE54-9A1E7A4F7556}") = "Identity", "Identity\Identity.csproj", "{039CA27A-0FBF-4715-BD51-7FC4CCFC9258}"
EndProject
Project("{FAE04EC0-301F-11D3-BF4B-00C04F79EFBC}") = "Core", "Core\Core.csproj", "{67145A94-D3F9-4E8C-A70D-B9CAFB2CA4D7}"
EndProject
Global
	GlobalSection(SolutionConfigurationPlatforms) = preSolution
		Debug|Any CPU = Debug|Any CPU
		Release|Any CPU = Release|Any CPU
	EndGlobalSection
	GlobalSection(ProjectConfigurationPlatforms) = postSolution
		{039CA27A-0FBF-4715-BD51-7FC4CCFC9258}.Debug|Any CPU.ActiveCfg = Debug|Any CPU
		{039CA27A-0FBF-4715-BD51-7FC4CCFC9258}.Debug|Any CPU.Build.0 = Debug|Any CPU
		{039CA27A-0FBF-4715-BD51-7FC4CCFC9258}.Release|Any CPU.ActiveCfg = Release|Any CPU
		{039CA27A-0FBF-4715-BD51-7FC4CCFC9258}.Release|Any CPU.Build.0 = Release|Any CPU
		{67145A94-D3F9-4E8C-A70D-B9CAFB2CA4D7}.Debug|Any CPU.ActiveCfg = Debug|Any CPU
		{67145A94-D3F9-4E8C-A70D-B9CAFB2CA4D7}.Debug|Any CPU.Build.0 = Debug|Any CPU
		{67145A94-D3F9-4E8C-A70D-B9CAFB2CA4D7}.Release|Any CPU.ActiveCfg = Release|Any CPU
		{67145A94-D3F9-4E8C-A70D-B9CAFB2CA4D7}.Release|Any CPU.Build.0 = Release|Any CPU
	EndGlobalSection
	GlobalSection(SolutionProperties) = preSolution
		HideSolutionNode = FALSE
	EndGlobalSection
	GlobalSection(ExtensibilityGlobals) = postSolution
		SolutionGuid = {76775190-8F0C-4A30-8496-A71F5CA94462}
	EndGlobalSection
EndGlobal
